
Microsoft Visual Studio Solution File, Format Version 12.00
# Visual Studio 15
VisualStudioVersion = 15.0.26730.12
MinimumVisualStudioVersion = 10.0.40219.1
Project("{FAE04EC0-301F-11D3-BF4B-00C04F79EFBC}") = "TheWorldCore", "TheWorldCore\TheWorldCore.csproj", "{905EC7F2-6271-4400-9B11-23C44A9107E2}"
EndProject
Global
	GlobalSection(SolutionConfigurationPlatforms) = preSolution
		Debug|Any CPU = Debug|Any CPU
		Release|Any CPU = Release|Any CPU
	EndGlobalSection
	GlobalSection(ProjectConfigurationPlatforms) = postSolution
		{905EC7F2-6271-4400-9B11-23C44A9107E2}.Debug|Any CPU.ActiveCfg = Debug|Any CPU
		{905EC7F2-6271-4400-9B11-23C44A9107E2}.Debug|Any CPU.Build.0 = Debug|Any CPU
		{905EC7F2-6271-4400-9B11-23C44A9107E2}.Release|Any CPU.ActiveCfg = Release|Any CPU
		{905EC7F2-6271-4400-9B11-23C44A9107E2}.Release|Any CPU.Build.0 = Release|Any CPU
	EndGlobalSection
	GlobalSection(SolutionProperties) = preSolution
		HideSolutionNode = FALSE
	EndGlobalSection
	GlobalSection(ExtensibilityGlobals) = postSolution
		SolutionGuid = {5785CCF1-25AF-4F58-A2E7-AB925BB3E703}
	EndGlobalSection
EndGlobal
